{
    "name": "docs",
    "lockfileVersion": 3,
    "requires": true,
    "packages": {
        "": {
            "name": "docs",
            "devDependencies": {
                "fern-api": "0.31.9"
            }
        },
        "node_modules/fern-api": {
            "version": "0.31.9",
            "resolved": "https://registry.npmjs.org/fern-api/-/fern-api-0.31.9.tgz",
            "integrity": "sha512-G7BwuB7uLTKAXl0c0fCiNEeUKyZbdC/LobfwyYbxXOcS0T2XgpviT0nvMb/nmG5sEPZ3XqIfzva1GXrpWYZrUw==",
            "dev": true,
            "bin": {
                "fern": "cli.cjs"
            }
        }
    }
}
