{
  "name": "docs",
  "lockfileVersion": 3,
  "requires": true,
  "packages": {
    "": {
      "name": "docs",
      "devDependencies": {
        "fern-api": "0.37.6"
      }
    },
    "node_modules/fern-api": {
      "version": "0.37.6",
      "resolved": "https://registry.npmjs.org/fern-api/-/fern-api-0.37.6.tgz",
      "integrity": "sha512-QaAHOHPs+Jkagn4Yc6jhCYvcSVDTQRBeMtv8/dxL8ALu50mN465u3LlgdehYmgVT5xmH+JrtJQIRnI+vCHQ++Q==",
      "dev": true,
      "bin": {
        "fern": "cli.cjs"
      }
    }
  }
}
