{
    "name": "docs",
    "lockfileVersion": 3,
    "requires": true,
    "packages": {
        "": {
            "name": "docs",
            "devDependencies": {
                "fern-api": "0.30.0"
            }
        },
        "node_modules/fern-api": {
            "version": "0.30.0",
            "resolved": "https://registry.npmjs.org/fern-api/-/fern-api-0.30.0.tgz",
            "integrity": "sha512-8I1mSVhdqW5qoaU/YGwROYKtPHdMVaSIgOTw2Vk2BZrW2MPMOHk0mdEXTWZGfXpS3R+jZSA78MCV6cqVOIlvTA==",
            "dev": true,
            "bin": {
                "fern": "cli.cjs"
            }
        }
    }
}
