lockfileVersion: '9.0'

settings:
  autoInstallPeers: true
  excludeLinksFromLockfile: false

importers:

  .:
    devDependencies:
      fern-api:
        specifier: 0.37.6
        version: 0.37.6

packages:

  fern-api@0.37.6:
    resolution: {integrity: sha512-QaAHOHPs+Jkagn4Yc6jhCYvcSVDTQRBeMtv8/dxL8ALu50mN465u3LlgdehYmgVT5xmH+JrtJQIRnI+vCHQ++Q==}
    hasBin: true

snapshots:

  fern-api@0.37.6: {}
